
Microsoft Visual Studio Solution File, Format Version 12.00
# Visual Studio 15
VisualStudioVersion = 15.0.27703.2000
MinimumVisualStudioVersion = 10.0.40219.1
Project("{FAE04EC0-301F-11D3-BF4B-00C04F79EFBC}") = "BotApplication5", "BotApplication5\BotApplication5.csproj", "{F349E8BD-BB87-4C27-901E-C9FE9AEF4A93}"
EndProject
Global
	GlobalSection(SolutionConfigurationPlatforms) = preSolution
		Debug|Any CPU = Debug|Any CPU
		Release|Any CPU = Release|Any CPU
	EndGlobalSection
	GlobalSection(ProjectConfigurationPlatforms) = postSolution
		{F349E8BD-BB87-4C27-901E-C9FE9AEF4A93}.Debug|Any CPU.ActiveCfg = Debug|Any CPU
		{F349E8BD-BB87-4C27-901E-C9FE9AEF4A93}.Debug|Any CPU.Build.0 = Debug|Any CPU
		{F349E8BD-BB87-4C27-901E-C9FE9AEF4A93}.Release|Any CPU.ActiveCfg = Release|Any CPU
		{F349E8BD-BB87-4C27-901E-C9FE9AEF4A93}.Release|Any CPU.Build.0 = Release|Any CPU
	EndGlobalSection
	GlobalSection(SolutionProperties) = preSolution
		HideSolutionNode = FALSE
	EndGlobalSection
	GlobalSection(ExtensibilityGlobals) = postSolution
		SolutionGuid = {6C763CE0-0880-4FB8-8021-74946918D27E}
	EndGlobalSection
EndGlobal
